# THIS IS AN AUTOGENERATED FILE. DO NOT EDIT THIS FILE DIRECTLY.
# yarn lockfile v1


"@mapbox/mapbox-gl-geocoder@^2.3.0":
  version "2.3.0"
  resolved "https://registry.yarnpkg.com/@mapbox/mapbox-gl-geocoder/-/mapbox-gl-geocoder-2.3.0.tgz#d61a1c76acd81a6d4003f96da4741c3f41783d14"
  dependencies:
    lodash.debounce "^4.0.6"
    mapbox "1.0.0-beta9"
    suggestions "^1.3.2"
    xtend "^4.0.1"

"@turf/bbox@^6.0.1":
  version "6.0.1"
  resolved "https://registry.yarnpkg.com/@turf/bbox/-/bbox-6.0.1.tgz#b966075771475940ee1c16be2a12cf389e6e923a"
  dependencies:
    "@turf/helpers" "6.x"
    "@turf/meta" "6.x"

"@turf/helpers@6.x", "@turf/helpers@^6.1.4":
  version "6.1.4"
  resolved "https://registry.yarnpkg.com/@turf/helpers/-/helpers-6.1.4.tgz#d6fd7ebe6782dd9c87dca5559bda5c48ae4c3836"

"@turf/meta@6.x":
  version "6.0.2"
  resolved "https://registry.yarnpkg.com/@turf/meta/-/meta-6.0.2.tgz#eb92951126d24a613ac1b7b99d733fcc20fd30cf"
  dependencies:
    "@turf/helpers" "6.x"

es6-promise@^4.0.5:
  version "4.2.4"
  resolved "https://registry.yarnpkg.com/es6-promise/-/es6-promise-4.2.4.tgz#dc4221c2b16518760bd8c39a52d8f356fc00ed29"

fuzzy@^0.1.1:
  version "0.1.3"
  resolved "https://registry.yarnpkg.com/fuzzy/-/fuzzy-0.1.3.tgz#4c76ec2ff0ac1a36a9dccf9a00df8623078d4ed8"

kdbush@^2.0.1:
  version "2.0.1"
  resolved "https://registry.yarnpkg.com/kdbush/-/kdbush-2.0.1.tgz#90c6128e3001ac68c550d7c9e2f222c0269666f1"

lodash.debounce@^4.0.6:
  version "4.0.8"
  resolved "https://registry.yarnpkg.com/lodash.debounce/-/lodash.debounce-4.0.8.tgz#82d79bff30a67c4005ffd5e2515300ad9ca4d7af"

mapbox@1.0.0-beta9:
  version "1.0.0-beta9"
  resolved "https://registry.yarnpkg.com/mapbox/-/mapbox-1.0.0-beta9.tgz#580bbacd9990bbe10f2f729ff4031a3b898d27a4"
  dependencies:
    es6-promise "^4.0.5"
    rest "^2.0.0"

rest@^2.0.0:
  version "2.0.0"
  resolved "https://registry.yarnpkg.com/rest/-/rest-2.0.0.tgz#6dfadf66a405c49cfbd5b4bd25b59fd29cd861bc"

suggestions@^1.3.2:
  version "1.3.3"
  resolved "https://registry.yarnpkg.com/suggestions/-/suggestions-1.3.3.tgz#932200537d453e24d170730cb85e553d8648d09c"
  dependencies:
    fuzzy "^0.1.1"
    xtend "^4.0.0"

supercluster@^4.0.1:
  version "4.0.1"
  resolved "https://registry.yarnpkg.com/supercluster/-/supercluster-4.0.1.tgz#eead7ab49f50322b265e0087859ebcabdc5c2ed8"
  dependencies:
    kdbush "^2.0.1"

xtend@^4.0.0, xtend@^4.0.1:
  version "4.0.1"
  resolved "https://registry.yarnpkg.com/xtend/-/xtend-4.0.1.tgz#a5c6d532be656e23db820efb943a1f04998d63af"
